
Microsoft Visual Studio Solution File, Format Version 12.00
# Visual Studio Version 17
VisualStudioVersion = 17.11.35431.28
MinimumVisualStudioVersion = 10.0.40219.1
Project("{FAE04EC0-301F-11D3-BF4B-00C04F79EFBC}") = "GaleriaArte", "GaleriaArte\GaleriaArte.csproj", "{16C7AAB7-E899-48F3-B431-E7970C208166}"
EndProject
Global
	GlobalSection(SolutionConfigurationPlatforms) = preSolution
		Debug|Any CPU = Debug|Any CPU
		Release|Any CPU = Release|Any CPU
	EndGlobalSection
	GlobalSection(ProjectConfigurationPlatforms) = postSolution
		{16C7AAB7-E899-48F3-B431-E7970C208166}.Debug|Any CPU.ActiveCfg = Debug|Any CPU
		{16C7AAB7-E899-48F3-B431-E7970C208166}.Debug|Any CPU.Build.0 = Debug|Any CPU
		{16C7AAB7-E899-48F3-B431-E7970C208166}.Release|Any CPU.ActiveCfg = Release|Any CPU
		{16C7AAB7-E899-48F3-B431-E7970C208166}.Release|Any CPU.Build.0 = Release|Any CPU
	EndGlobalSection
	GlobalSection(SolutionProperties) = preSolution
		HideSolutionNode = FALSE
	EndGlobalSection
	GlobalSection(ExtensibilityGlobals) = postSolution
		SolutionGuid = {6B00C3BC-5142-48ED-9845-CB9EE610F2DC}
	EndGlobalSection
EndGlobal
